
Microsoft Visual Studio Solution File, Format Version 12.00
# Visual Studio Version 17
VisualStudioVersion = 17.3.32929.385
MinimumVisualStudioVersion = 10.0.40219.1
Project("{FAE04EC0-301F-11D3-BF4B-00C04F79EFBC}") = "WebDemo", "WebDemo.csproj", "{B0D2A7AB-1B7F-4949-9D67-B9AE9910C4E7}"
EndProject
Global
	GlobalSection(SolutionConfigurationPlatforms) = preSolution
		Debug|Any CPU = Debug|Any CPU
		Release|Any CPU = Release|Any CPU
	EndGlobalSection
	GlobalSection(ProjectConfigurationPlatforms) = postSolution
		{B0D2A7AB-1B7F-4949-9D67-B9AE9910C4E7}.Debug|Any CPU.ActiveCfg = Debug|Any CPU
		{B0D2A7AB-1B7F-4949-9D67-B9AE9910C4E7}.Debug|Any CPU.Build.0 = Debug|Any CPU
		{B0D2A7AB-1B7F-4949-9D67-B9AE9910C4E7}.Release|Any CPU.ActiveCfg = Release|Any CPU
		{B0D2A7AB-1B7F-4949-9D67-B9AE9910C4E7}.Release|Any CPU.Build.0 = Release|Any CPU
	EndGlobalSection
	GlobalSection(SolutionProperties) = preSolution
		HideSolutionNode = FALSE
	EndGlobalSection
	GlobalSection(ExtensibilityGlobals) = postSolution
		SolutionGuid = {44226C06-C3A8-4CAE-A6E5-00FCE30A6056}
	EndGlobalSection
EndGlobal
